
Microsoft Visual Studio Solution File, Format Version 12.00
# Visual Studio Version 17
VisualStudioVersion = 17.4.33205.214
MinimumVisualStudioVersion = 10.0.40219.1
Project("{FAE04EC0-301F-11D3-BF4B-00C04F79EFBC}") = "AcademyForm", "AcademyForm\AcademyForm.csproj", "{5943E1E8-9DF7-47A9-8A72-D1891FA54C65}"
EndProject
Global
	GlobalSection(SolutionConfigurationPlatforms) = preSolution
		Debug|Any CPU = Debug|Any CPU
		Release|Any CPU = Release|Any CPU
	EndGlobalSection
	GlobalSection(ProjectConfigurationPlatforms) = postSolution
		{5943E1E8-9DF7-47A9-8A72-D1891FA54C65}.Debug|Any CPU.ActiveCfg = Debug|Any CPU
		{5943E1E8-9DF7-47A9-8A72-D1891FA54C65}.Debug|Any CPU.Build.0 = Debug|Any CPU
		{5943E1E8-9DF7-47A9-8A72-D1891FA54C65}.Release|Any CPU.ActiveCfg = Release|Any CPU
		{5943E1E8-9DF7-47A9-8A72-D1891FA54C65}.Release|Any CPU.Build.0 = Release|Any CPU
	EndGlobalSection
	GlobalSection(SolutionProperties) = preSolution
		HideSolutionNode = FALSE
	EndGlobalSection
	GlobalSection(ExtensibilityGlobals) = postSolution
		SolutionGuid = {44F7C7FE-9490-4A59-A434-AE879D7436A6}
	EndGlobalSection
EndGlobal
